// !$*UTF8*$!
{
	archiveVersion = 1;
	classes = {
	};
	objectVersion = 55;
	objects = {

/* Begin PBXBuildFile section */
		FE145BCD2865158D006AA5CA /* RecipeRatingView.swift in Sources */ = {isa = PBXBuildFile; fileRef = FE145BCC2865158D006AA5CA /* RecipeRatingView.swift */; };
		FE145BCF28651628006AA5CA /* RecipeCookingView.swift in Sources */ = {isa = PBXBuildFile; fileRef = FE145BCE28651628006AA5CA /* RecipeCookingView.swift */; };
		FE145BD1286516CC006AA5CA /* RecipeDetailView.swift in Sources */ = {isa = PBXBuildFile; fileRef = FE145BD0286516CC006AA5CA /* RecipeDetailView.swift */; };
		FE145BD328651DE6006AA5CA /* RipeningView.swift in Sources */ = {isa = PBXBuildFile; fileRef = FE145BD228651DE6006AA5CA /* RipeningView.swift */; };
		FE145BD5286525CD006AA5CA /* RipeningModel.swift in Sources */ = {isa = PBXBuildFile; fileRef = FE145BD4286525CD006AA5CA /* RipeningModel.swift */; };
		FE145BD728652620006AA5CA /* RipeningData.swift in Sources */ = {isa = PBXBuildFile; fileRef = FE145BD628652620006AA5CA /* RipeningData.swift */; };
		FE5219EE2864DFEE009798FB /* FactsView.swift in Sources */ = {isa = PBXBuildFile; fileRef = FE5219ED2864DFEE009798FB /* FactsView.swift */; };
		FE5219F02864E32D009798FB /* Fact.swift in Sources */ = {isa = PBXBuildFile; fileRef = FE5219EF2864E32D009798FB /* Fact.swift */; };
		FE5219F22864E374009798FB /* FactData.swift in Sources */ = {isa = PBXBuildFile; fileRef = FE5219F12864E374009798FB /* FactData.swift */; };
		FE5219F42864E65C009798FB /* RecipeModel.swift in Sources */ = {isa = PBXBuildFile; fileRef = FE5219F32864E65C009798FB /* RecipeModel.swift */; };
		FE5219F62864E6D1009798FB /* RecipeData.swift in Sources */ = {isa = PBXBuildFile; fileRef = FE5219F52864E6D1009798FB /* RecipeData.swift */; };
		FE5219F82864E741009798FB /* RecipeCardView.swift in Sources */ = {isa = PBXBuildFile; fileRef = FE5219F72864E741009798FB /* RecipeCardView.swift */; };
		FECEA9FA285ADFFA0044BB48 /* AvocateApp.swift in Sources */ = {isa = PBXBuildFile; fileRef = FECEA9F9285ADFFA0044BB48 /* AvocateApp.swift */; };
		FECEA9FC285ADFFA0044BB48 /* ContentView.swift in Sources */ = {isa = PBXBuildFile; fileRef = FECEA9FB285ADFFA0044BB48 /* ContentView.swift */; };
		FECEA9FE285ADFFC0044BB48 /* Assets.xcassets in Resources */ = {isa = PBXBuildFile; fileRef = FECEA9FD285ADFFC0044BB48 /* Assets.xcassets */; };
		FECEAA01285ADFFC0044BB48 /* Preview Assets.xcassets in Resources */ = {isa = PBXBuildFile; fileRef = FECEAA00285ADFFC0044BB48 /* Preview Assets.xcassets */; };
		FECEAA08285AE56A0044BB48 /* LaunchScreen.storyboard in Resources */ = {isa = PBXBuildFile; fileRef = FECEAA07285AE56A0044BB48 /* LaunchScreen.storyboard */; };
		FECEAA0E285AE9BC0044BB48 /* AvocadosView.swift in Sources */ = {isa = PBXBuildFile; fileRef = FECEAA0D285AE9BC0044BB48 /* AvocadosView.swift */; };
		FECEAA10285AE9EB0044BB48 /* RipeningStagesView.swift in Sources */ = {isa = PBXBuildFile; fileRef = FECEAA0F285AE9EB0044BB48 /* RipeningStagesView.swift */; };
		FECEAA12285AEA0C0044BB48 /* SettingsView.swift in Sources */ = {isa = PBXBuildFile; fileRef = FECEAA11285AEA0C0044BB48 /* SettingsView.swift */; };
		FECEAA14285AEA220044BB48 /* AppView.swift in Sources */ = {isa = PBXBuildFile; fileRef = FECEAA13285AEA220044BB48 /* AppView.swift */; };
		FECEAA17285AF1CA0044BB48 /* HeaderView.swift in Sources */ = {isa = PBXBuildFile; fileRef = FECEAA16285AF1CA0044BB48 /* HeaderView.swift */; };
		FECEAA19285AF7940044BB48 /* HeaderModel.swift in Sources */ = {isa = PBXBuildFile; fileRef = FECEAA18285AF7940044BB48 /* HeaderModel.swift */; };
		FECEAA1B285AF7C90044BB48 /* HeaderData.swift in Sources */ = {isa = PBXBuildFile; fileRef = FECEAA1A285AF7C90044BB48 /* HeaderData.swift */; };
		FECEAA1D285AFB980044BB48 /* DisherView.swift in Sources */ = {isa = PBXBuildFile; fileRef = FECEAA1C285AFB980044BB48 /* DisherView.swift */; };
/* End PBXBuildFile section */

/* Begin PBXFileReference section */
		FE145BCC2865158D006AA5CA /* RecipeRatingView.swift */ = {isa = PBXFileReference; lastKnownFileType = sourcecode.swift; path = RecipeRatingView.swift; sourceTree = "<group>"; };
		FE145BCE28651628006AA5CA /* RecipeCookingView.swift */ = {isa = PBXFileReference; lastKnownFileType = sourcecode.swift; path = RecipeCookingView.swift; sourceTree = "<group>"; };
		FE145BD0286516CC006AA5CA /* RecipeDetailView.swift */ = {isa = PBXFileReference; lastKnownFileType = sourcecode.swift; path = RecipeDetailView.swift; sourceTree = "<group>"; };
		FE145BD228651DE6006AA5CA /* RipeningView.swift */ = {isa = PBXFileReference; lastKnownFileType = sourcecode.swift; path = RipeningView.swift; sourceTree = "<group>"; };
		FE145BD4286525CD006AA5CA /* RipeningModel.swift */ = {isa = PBXFileReference; lastKnownFileType = sourcecode.swift; path = RipeningModel.swift; sourceTree = "<group>"; };
		FE145BD628652620006AA5CA /* RipeningData.swift */ = {isa = PBXFileReference; lastKnownFileType = sourcecode.swift; path = RipeningData.swift; sourceTree = "<group>"; };
		FE5219ED2864DFEE009798FB /* FactsView.swift */ = {isa = PBXFileReference; lastKnownFileType = sourcecode.swift; path = FactsView.swift; sourceTree = "<group>"; };
		FE5219EF2864E32D009798FB /* Fact.swift */ = {isa = PBXFileReference; lastKnownFileType = sourcecode.swift; path = Fact.swift; sourceTree = "<group>"; };
		FE5219F12864E374009798FB /* FactData.swift */ = {isa = PBXFileReference; lastKnownFileType = sourcecode.swift; path = FactData.swift; sourceTree = "<group>"; };
		FE5219F32864E65C009798FB /* RecipeModel.swift */ = {isa = PBXFileReference; lastKnownFileType = sourcecode.swift; path = RecipeModel.swift; sourceTree = "<group>"; };
		FE5219F52864E6D1009798FB /* RecipeData.swift */ = {isa = PBXFileReference; lastKnownFileType = sourcecode.swift; path = RecipeData.swift; sourceTree = "<group>"; };
		FE5219F72864E741009798FB /* RecipeCardView.swift */ = {isa = PBXFileReference; lastKnownFileType = sourcecode.swift; path = RecipeCardView.swift; sourceTree = "<group>"; };
		FECEA9F6285ADFFA0044BB48 /* Avocate.app */ = {isa = PBXFileReference; explicitFileType = wrapper.application; includeInIndex = 0; path = Avocate.app; sourceTree = BUILT_PRODUCTS_DIR; };
		FECEA9F9285ADFFA0044BB48 /* AvocateApp.swift */ = {isa = PBXFileReference; lastKnownFileType = sourcecode.swift; path = AvocateApp.swift; sourceTree = "<group>"; };
		FECEA9FB285ADFFA0044BB48 /* ContentView.swift */ = {isa = PBXFileReference; lastKnownFileType = sourcecode.swift; path = ContentView.swift; sourceTree = "<group>"; };
		FECEA9FD285ADFFC0044BB48 /* Assets.xcassets */ = {isa = PBXFileReference; lastKnownFileType = folder.assetcatalog; path = Assets.xcassets; sourceTree = "<group>"; };
		FECEAA00285ADFFC0044BB48 /* Preview Assets.xcassets */ = {isa = PBXFileReference; lastKnownFileType = folder.assetcatalog; path = "Preview Assets.xcassets"; sourceTree = "<group>"; };
		FECEAA07285AE56A0044BB48 /* LaunchScreen.storyboard */ = {isa = PBXFileReference; lastKnownFileType = file.storyboard; path = LaunchScreen.storyboard; sourceTree = "<group>"; };
		FECEAA09285AE79B0044BB48 /* Info.plist */ = {isa = PBXFileReference; lastKnownFileType = text.plist; path = Info.plist; sourceTree = "<group>"; };
		FECEAA0D285AE9BC0044BB48 /* AvocadosView.swift */ = {isa = PBXFileReference; lastKnownFileType = sourcecode.swift; path = AvocadosView.swift; sourceTree = "<group>"; };
		FECEAA0F285AE9EB0044BB48 /* RipeningStagesView.swift */ = {isa = PBXFileReference; lastKnownFileType = sourcecode.swift; path = RipeningStagesView.swift; sourceTree = "<group>"; };
		FECEAA11285AEA0C0044BB48 /* SettingsView.swift */ = {isa = PBXFileReference; lastKnownFileType = sourcecode.swift; path = SettingsView.swift; sourceTree = "<group>"; };
		FECEAA13285AEA220044BB48 /* AppView.swift */ = {isa = PBXFileReference; lastKnownFileType = sourcecode.swift; path = AppView.swift; sourceTree = "<group>"; };
		FECEAA16285AF1CA0044BB48 /* HeaderView.swift */ = {isa = PBXFileReference; lastKnownFileType = sourcecode.swift; path = HeaderView.swift; sourceTree = "<group>"; };
		FECEAA18285AF7940044BB48 /* HeaderModel.swift */ = {isa = PBXFileReference; lastKnownFileType = sourcecode.swift; path = HeaderModel.swift; sourceTree = "<group>"; };
		FECEAA1A285AF7C90044BB48 /* HeaderData.swift */ = {isa = PBXFileReference; lastKnownFileType = sourcecode.swift; path = HeaderData.swift; sourceTree = "<group>"; };
		FECEAA1C285AFB980044BB48 /* DisherView.swift */ = {isa = PBXFileReference; lastKnownFileType = sourcecode.swift; path = DisherView.swift; sourceTree = "<group>"; };
/* End PBXFileReference section */

/* Begin PBXFrameworksBuildPhase section */
		FECEA9F3285ADFFA0044BB48 /* Frameworks */ = {
			isa = PBXFrameworksBuildPhase;
			buildActionMask = 2147483647;
			files = (
			);
			runOnlyForDeploymentPostprocessing = 0;
		};
/* End PBXFrameworksBuildPhase section */

/* Begin PBXGroup section */
		FECEA9ED285ADFFA0044BB48 = {
			isa = PBXGroup;
			children = (
				FECEA9F8285ADFFA0044BB48 /* Avocate */,
				FECEA9F7285ADFFA0044BB48 /* Products */,
			);
			sourceTree = "<group>";
		};
		FECEA9F7285ADFFA0044BB48 /* Products */ = {
			isa = PBXGroup;
			children = (
				FECEA9F6285ADFFA0044BB48 /* Avocate.app */,
			);
			name = Products;
			sourceTree = "<group>";
		};
		FECEA9F8285ADFFA0044BB48 /* Avocate */ = {
			isa = PBXGroup;
			children = (
				FECEAA15285AF1BB0044BB48 /* Components */,
				FECEAA0C285AE9820044BB48 /* Views */,
				FECEAA0B285AE97D0044BB48 /* Models */,
				FECEAA0A285AE9720044BB48 /* Data */,
				FECEAA09285AE79B0044BB48 /* Info.plist */,
				FECEA9F9285ADFFA0044BB48 /* AvocateApp.swift */,
				FECEA9FD285ADFFC0044BB48 /* Assets.xcassets */,
				FECEA9FF285ADFFC0044BB48 /* Preview Content */,
				FECEAA07285AE56A0044BB48 /* LaunchScreen.storyboard */,
			);
			path = Avocate;
			sourceTree = "<group>";
		};
		FECEA9FF285ADFFC0044BB48 /* Preview Content */ = {
			isa = PBXGroup;
			children = (
				FECEAA00285ADFFC0044BB48 /* Preview Assets.xcassets */,
			);
			path = "Preview Content";
			sourceTree = "<group>";
		};
		FECEAA0A285AE9720044BB48 /* Data */ = {
			isa = PBXGroup;
			children = (
				FECEAA1A285AF7C90044BB48 /* HeaderData.swift */,
				FE5219F12864E374009798FB /* FactData.swift */,
				FE5219F52864E6D1009798FB /* RecipeData.swift */,
				FE145BD628652620006AA5CA /* RipeningData.swift */,
			);
			path = Data;
			sourceTree = "<group>";
		};
		FECEAA0B285AE97D0044BB48 /* Models */ = {
			isa = PBXGroup;
			children = (
				FECEAA18285AF7940044BB48 /* HeaderModel.swift */,
				FE5219EF2864E32D009798FB /* Fact.swift */,
				FE5219F32864E65C009798FB /* RecipeModel.swift */,
				FE145BD4286525CD006AA5CA /* RipeningModel.swift */,
			);
			path = Models;
			sourceTree = "<group>";
		};
		FECEAA0C285AE9820044BB48 /* Views */ = {
			isa = PBXGroup;
			children = (
				FECEA9FB285ADFFA0044BB48 /* ContentView.swift */,
				FECEAA0D285AE9BC0044BB48 /* AvocadosView.swift */,
				FECEAA0F285AE9EB0044BB48 /* RipeningStagesView.swift */,
				FECEAA11285AEA0C0044BB48 /* SettingsView.swift */,
				FECEAA13285AEA220044BB48 /* AppView.swift */,
				FE5219ED2864DFEE009798FB /* FactsView.swift */,
				FE5219F72864E741009798FB /* RecipeCardView.swift */,
				FE145BCC2865158D006AA5CA /* RecipeRatingView.swift */,
				FE145BCE28651628006AA5CA /* RecipeCookingView.swift */,
				FE145BD0286516CC006AA5CA /* RecipeDetailView.swift */,
				FE145BD228651DE6006AA5CA /* RipeningView.swift */,
			);
			path = Views;
			sourceTree = "<group>";
		};
		FECEAA15285AF1BB0044BB48 /* Components */ = {
			isa = PBXGroup;
			children = (
				FECEAA16285AF1CA0044BB48 /* HeaderView.swift */,
				FECEAA1C285AFB980044BB48 /* DisherView.swift */,
			);
			path = Components;
			sourceTree = "<group>";
		};
/* End PBXGroup section */

/* Begin PBXNativeTarget section */
		FECEA9F5285ADFFA0044BB48 /* Avocate */ = {
			isa = PBXNativeTarget;
			buildConfigurationList = FECEAA04285ADFFC0044BB48 /* Build configuration list for PBXNativeTarget "Avocate" */;
			buildPhases = (
				FECEA9F2285ADFFA0044BB48 /* Sources */,
				FECEA9F3285ADFFA0044BB48 /* Frameworks */,
				FECEA9F4285ADFFA0044BB48 /* Resources */,
			);
			buildRules = (
			);
			dependencies = (
			);
			name = Avocate;
			productName = Avocate;
			productReference = FECEA9F6285ADFFA0044BB48 /* Avocate.app */;
			productType = "com.apple.product-type.application";
		};
/* End PBXNativeTarget section */

/* Begin PBXProject section */
		FECEA9EE285ADFFA0044BB48 /* Project object */ = {
			isa = PBXProject;
			attributes = {
				BuildIndependentTargetsInParallel = 1;
				LastSwiftUpdateCheck = 1340;
				LastUpgradeCheck = 1340;
				TargetAttributes = {
					FECEA9F5285ADFFA0044BB48 = {
						CreatedOnToolsVersion = 13.4.1;
					};
				};
			};
			buildConfigurationList = FECEA9F1285ADFFA0044BB48 /* Build configuration list for PBXProject "Avocate" */;
			compatibilityVersion = "Xcode 13.0";
			developmentRegion = en;
			hasScannedForEncodings = 0;
			knownRegions = (
				en,
				Base,
			);
			mainGroup = FECEA9ED285ADFFA0044BB48;
			productRefGroup = FECEA9F7285ADFFA0044BB48 /* Products */;
			projectDirPath = "";
			projectRoot = "";
			targets = (
				FECEA9F5285ADFFA0044BB48 /* Avocate */,
			);
		};
/* End PBXProject section */

/* Begin PBXResourcesBuildPhase section */
		FECEA9F4285ADFFA0044BB48 /* Resources */ = {
			isa = PBXResourcesBuildPhase;
			buildActionMask = 2147483647;
			files = (
				FECEAA08285AE56A0044BB48 /* LaunchScreen.storyboard in Resources */,
				FECEAA01285ADFFC0044BB48 /* Preview Assets.xcassets in Resources */,
				FECEA9FE285ADFFC0044BB48 /* Assets.xcassets in Resources */,
			);
			runOnlyForDeploymentPostprocessing = 0;
		};
/* End PBXResourcesBuildPhase section */

/* Begin PBXSourcesBuildPhase section */
		FECEA9F2285ADFFA0044BB48 /* Sources */ = {
			isa = PBXSourcesBuildPhase;
			buildActionMask = 2147483647;
			files = (
				FECEAA12285AEA0C0044BB48 /* SettingsView.swift in Sources */,
				FECEAA1D285AFB980044BB48 /* DisherView.swift in Sources */,
				FE145BD5286525CD006AA5CA /* RipeningModel.swift in Sources */,
				FE145BCD2865158D006AA5CA /* RecipeRatingView.swift in Sources */,
				FECEA9FC285ADFFA0044BB48 /* ContentView.swift in Sources */,
				FE145BD728652620006AA5CA /* RipeningData.swift in Sources */,
				FECEAA14285AEA220044BB48 /* AppView.swift in Sources */,
				FECEAA10285AE9EB0044BB48 /* RipeningStagesView.swift in Sources */,
				FECEA9FA285ADFFA0044BB48 /* AvocateApp.swift in Sources */,
				FECEAA0E285AE9BC0044BB48 /* AvocadosView.swift in Sources */,
				FE5219F42864E65C009798FB /* RecipeModel.swift in Sources */,
				FE5219EE2864DFEE009798FB /* FactsView.swift in Sources */,
				FECEAA19285AF7940044BB48 /* HeaderModel.swift in Sources */,
				FE145BCF28651628006AA5CA /* RecipeCookingView.swift in Sources */,
				FE145BD328651DE6006AA5CA /* RipeningView.swift in Sources */,
				FE5219F02864E32D009798FB /* Fact.swift in Sources */,
				FECEAA1B285AF7C90044BB48 /* HeaderData.swift in Sources */,
				FE5219F82864E741009798FB /* RecipeCardView.swift in Sources */,
				FE5219F62864E6D1009798FB /* RecipeData.swift in Sources */,
				FECEAA17285AF1CA0044BB48 /* HeaderView.swift in Sources */,
				FE145BD1286516CC006AA5CA /* RecipeDetailView.swift in Sources */,
				FE5219F22864E374009798FB /* FactData.swift in Sources */,
			);
			runOnlyForDeploymentPostprocessing = 0;
		};
/* End PBXSourcesBuildPhase section */

/* Begin XCBuildConfiguration section */
		FECEAA02285ADFFC0044BB48 /* Debug */ = {
			isa = XCBuildConfiguration;
			buildSettings = {
				ALWAYS_SEARCH_USER_PATHS = NO;
				CLANG_ANALYZER_NONNULL = YES;
				CLANG_ANALYZER_NUMBER_OBJECT_CONVERSION = YES_AGGRESSIVE;
				CLANG_CXX_LANGUAGE_STANDARD = "gnu++17";
				CLANG_ENABLE_MODULES = YES;
				CLANG_ENABLE_OBJC_ARC = YES;
				CLANG_ENABLE_OBJC_WEAK = YES;
				CLANG_WARN_BLOCK_CAPTURE_AUTORELEASING = YES;
				CLANG_WARN_BOOL_CONVERSION = YES;
				CLANG_WARN_COMMA = YES;
				CLANG_WARN_CONSTANT_CONVERSION = YES;
				CLANG_WARN_DEPRECATED_OBJC_IMPLEMENTATIONS = YES;
				CLANG_WARN_DIRECT_OBJC_ISA_USAGE = YES_ERROR;
				CLANG_WARN_DOCUMENTATION_COMMENTS = YES;
				CLANG_WARN_EMPTY_BODY = YES;
				CLANG_WARN_ENUM_CONVERSION = YES;
				CLANG_WARN_INFINITE_RECURSION = YES;
				CLANG_WARN_INT_CONVERSION = YES;
				CLANG_WARN_NON_LITERAL_NULL_CONVERSION = YES;
				CLANG_WARN_OBJC_IMPLICIT_RETAIN_SELF = YES;
				CLANG_WARN_OBJC_LITERAL_CONVERSION = YES;
				CLANG_WARN_OBJC_ROOT_CLASS = YES_ERROR;
				CLANG_WARN_QUOTED_INCLUDE_IN_FRAMEWORK_HEADER = YES;
				CLANG_WARN_RANGE_LOOP_ANALYSIS = YES;
				CLANG_WARN_STRICT_PROTOTYPES = YES;
				CLANG_WARN_SUSPICIOUS_MOVE = YES;
				CLANG_WARN_UNGUARDED_AVAILABILITY = YES_AGGRESSIVE;
				CLANG_WARN_UNREACHABLE_CODE = YES;
				CLANG_WARN__DUPLICATE_METHOD_MATCH = YES;
				COPY_PHASE_STRIP = NO;
				DEBUG_INFORMATION_FORMAT = dwarf;
				ENABLE_STRICT_OBJC_MSGSEND = YES;
				ENABLE_TESTABILITY = YES;
				GCC_C_LANGUAGE_STANDARD = gnu11;
				GCC_DYNAMIC_NO_PIC = NO;
				GCC_NO_COMMON_BLOCKS = YES;
				GCC_OPTIMIZATION_LEVEL = 0;
				GCC_PREPROCESSOR_DEFINITIONS = (
					"DEBUG=1",
					"$(inherited)",
				);
				GCC_WARN_64_TO_32_BIT_CONVERSION = YES;
				GCC_WARN_ABOUT_RETURN_TYPE = YES_ERROR;
				GCC_WARN_UNDECLARED_SELECTOR = YES;
				GCC_WARN_UNINITIALIZED_AUTOS = YES_AGGRESSIVE;
				GCC_WARN_UNUSED_FUNCTION = YES;
				GCC_WARN_UNUSED_VARIABLE = YES;
				IPHONEOS_DEPLOYMENT_TARGET = 15.5;
				MTL_ENABLE_DEBUG_INFO = INCLUDE_SOURCE;
				MTL_FAST_MATH = YES;
				ONLY_ACTIVE_ARCH = YES;
				SDKROOT = iphoneos;
				SWIFT_ACTIVE_COMPILATION_CONDITIONS = DEBUG;
				SWIFT_OPTIMIZATION_LEVEL = "-Onone";
			};
			name = Debug;
		};
		FECEAA03285ADFFC0044BB48 /* Release */ = {
			isa = XCBuildConfiguration;
			buildSettings = {
				ALWAYS_SEARCH_USER_PATHS = NO;
				CLANG_ANALYZER_NONNULL = YES;
				CLANG_ANALYZER_NUMBER_OBJECT_CONVERSION = YES_AGGRESSIVE;
				CLANG_CXX_LANGUAGE_STANDARD = "gnu++17";
				CLANG_ENABLE_MODULES = YES;
				CLANG_ENABLE_OBJC_ARC = YES;
				CLANG_ENABLE_OBJC_WEAK = YES;
				CLANG_WARN_BLOCK_CAPTURE_AUTORELEASING = YES;
				CLANG_WARN_BOOL_CONVERSION = YES;
				CLANG_WARN_COMMA = YES;
				CLANG_WARN_CONSTANT_CONVERSION = YES;
				CLANG_WARN_DEPRECATED_OBJC_IMPLEMENTATIONS = YES;
				CLANG_WARN_DIRECT_OBJC_ISA_USAGE = YES_ERROR;
				CLANG_WARN_DOCUMENTATION_COMMENTS = YES;
				CLANG_WARN_EMPTY_BODY = YES;
				CLANG_WARN_ENUM_CONVERSION = YES;
				CLANG_WARN_INFINITE_RECURSION = YES;
				CLANG_WARN_INT_CONVERSION = YES;
				CLANG_WARN_NON_LITERAL_NULL_CONVERSION = YES;
				CLANG_WARN_OBJC_IMPLICIT_RETAIN_SELF = YES;
				CLANG_WARN_OBJC_LITERAL_CONVERSION = YES;
				CLANG_WARN_OBJC_ROOT_CLASS = YES_ERROR;
				CLANG_WARN_QUOTED_INCLUDE_IN_FRAMEWORK_HEADER = YES;
				CLANG_WARN_RANGE_LOOP_ANALYSIS = YES;
				CLANG_WARN_STRICT_PROTOTYPES = YES;
				CLANG_WARN_SUSPICIOUS_MOVE = YES;
				CLANG_WARN_UNGUARDED_AVAILABILITY = YES_AGGRESSIVE;
				CLANG_WARN_UNREACHABLE_CODE = YES;
				CLANG_WARN__DUPLICATE_METHOD_MATCH = YES;
				COPY_PHASE_STRIP = NO;
				DEBUG_INFORMATION_FORMAT = "dwarf-with-dsym";
				ENABLE_NS_ASSERTIONS = NO;
				ENABLE_STRICT_OBJC_MSGSEND = YES;
				GCC_C_LANGUAGE_STANDARD = gnu11;
				GCC_NO_COMMON_BLOCKS = YES;
				GCC_WARN_64_TO_32_BIT_CONVERSION = YES;
				GCC_WARN_ABOUT_RETURN_TYPE = YES_ERROR;
				GCC_WARN_UNDECLARED_SELECTOR = YES;
				GCC_WARN_UNINITIALIZED_AUTOS = YES_AGGRESSIVE;
				GCC_WARN_UNUSED_FUNCTION = YES;
				GCC_WARN_UNUSED_VARIABLE = YES;
				IPHONEOS_DEPLOYMENT_TARGET = 15.5;
				MTL_ENABLE_DEBUG_INFO = NO;
				MTL_FAST_MATH = YES;
				SDKROOT = iphoneos;
				SWIFT_COMPILATION_MODE = wholemodule;
				SWIFT_OPTIMIZATION_LEVEL = "-O";
				VALIDATE_PRODUCT = YES;
			};
			name = Release;
		};
		FECEAA05285ADFFC0044BB48 /* Debug */ = {
			isa = XCBuildConfiguration;
			buildSettings = {
				ASSETCATALOG_COMPILER_APPICON_NAME = AppIcon;
				ASSETCATALOG_COMPILER_GLOBAL_ACCENT_COLOR_NAME = AccentColor;
				ASSETCATALOG_COMPILER_INCLUDE_ALL_APPICON_ASSETS = NO;
				CODE_SIGN_STYLE = Automatic;
				CURRENT_PROJECT_VERSION = 1;
				DEVELOPMENT_ASSET_PATHS = "\"Avocate/Preview Content\"";
				DEVELOPMENT_TEAM = NT7J23RCPK;
				ENABLE_PREVIEWS = YES;
				GENERATE_INFOPLIST_FILE = YES;
				INFOPLIST_FILE = Avocate/Info.plist;
				INFOPLIST_KEY_UIApplicationSceneManifest_Generation = YES;
				INFOPLIST_KEY_UIApplicationSupportsIndirectInputEvents = YES;
				INFOPLIST_KEY_UILaunchStoryboardName = LaunchScreen;
				INFOPLIST_KEY_UISupportedInterfaceOrientations = UIInterfaceOrientationPortrait;
				INFOPLIST_KEY_UISupportedInterfaceOrientations_iPad = "UIInterfaceOrientationPortrait UIInterfaceOrientationPortraitUpsideDown UIInterfaceOrientationLandscapeLeft UIInterfaceOrientationLandscapeRight";
				INFOPLIST_KEY_UISupportedInterfaceOrientations_iPhone = "UIInterfaceOrientationPortrait UIInterfaceOrientationLandscapeLeft UIInterfaceOrientationLandscapeRight";
				LD_RUNPATH_SEARCH_PATHS = (
					"$(inherited)",
					"@executable_path/Frameworks",
				);
				MARKETING_VERSION = 1.0;
				PRODUCT_BUNDLE_IDENTIFIER = com.manuelalvarez.Avocate;
				PRODUCT_NAME = "$(TARGET_NAME)";
				SWIFT_EMIT_LOC_STRINGS = YES;
				SWIFT_VERSION = 5.0;
				TARGETED_DEVICE_FAMILY = "1,2";
			};
			name = Debug;
		};
		FECEAA06285ADFFC0044BB48 /* Release */ = {
			isa = XCBuildConfiguration;
			buildSettings = {
				ASSETCATALOG_COMPILER_APPICON_NAME = AppIcon;
				ASSETCATALOG_COMPILER_GLOBAL_ACCENT_COLOR_NAME = AccentColor;
				ASSETCATALOG_COMPILER_INCLUDE_ALL_APPICON_ASSETS = NO;
				CODE_SIGN_STYLE = Automatic;
				CURRENT_PROJECT_VERSION = 1;
				DEVELOPMENT_ASSET_PATHS = "\"Avocate/Preview Content\"";
				DEVELOPMENT_TEAM = NT7J23RCPK;
				ENABLE_PREVIEWS = YES;
				GENERATE_INFOPLIST_FILE = YES;
				INFOPLIST_FILE = Avocate/Info.plist;
				INFOPLIST_KEY_UIApplicationSceneManifest_Generation = YES;
				INFOPLIST_KEY_UIApplicationSupportsIndirectInputEvents = YES;
				INFOPLIST_KEY_UILaunchStoryboardName = LaunchScreen;
				INFOPLIST_KEY_UISupportedInterfaceOrientations = UIInterfaceOrientationPortrait;
				INFOPLIST_KEY_UISupportedInterfaceOrientations_iPad = "UIInterfaceOrientationPortrait UIInterfaceOrientationPortraitUpsideDown UIInterfaceOrientationLandscapeLeft UIInterfaceOrientationLandscapeRight";
				INFOPLIST_KEY_UISupportedInterfaceOrientations_iPhone = "UIInterfaceOrientationPortrait UIInterfaceOrientationLandscapeLeft UIInterfaceOrientationLandscapeRight";
				LD_RUNPATH_SEARCH_PATHS = (
					"$(inherited)",
					"@executable_path/Frameworks",
				);
				MARKETING_VERSION = 1.0;
				PRODUCT_BUNDLE_IDENTIFIER = com.manuelalvarez.Avocate;
				PRODUCT_NAME = "$(TARGET_NAME)";
				SWIFT_EMIT_LOC_STRINGS = YES;
				SWIFT_VERSION = 5.0;
				TARGETED_DEVICE_FAMILY = "1,2";
			};
			name = Release;
		};
/* End XCBuildConfiguration section */

/* Begin XCConfigurationList section */
		FECEA9F1285ADFFA0044BB48 /* Build configuration list for PBXProject "Avocate" */ = {
			isa = XCConfigurationList;
			buildConfigurations = (
				FECEAA02285ADFFC0044BB48 /* Debug */,
				FECEAA03285ADFFC0044BB48 /* Release */,
			);
			defaultConfigurationIsVisible = 0;
			defaultConfigurationName = Release;
		};
		FECEAA04285ADFFC0044BB48 /* Build configuration list for PBXNativeTarget "Avocate" */ = {
			isa = XCConfigurationList;
			buildConfigurations = (
				FECEAA05285ADFFC0044BB48 /* Debug */,
				FECEAA06285ADFFC0044BB48 /* Release */,
			);
			defaultConfigurationIsVisible = 0;
			defaultConfigurationName = Release;
		};
/* End XCConfigurationList section */
	};
	rootObject = FECEA9EE285ADFFA0044BB48 /* Project object */;
}
